
Microsoft Visual Studio Solution File, Format Version 12.00
# Visual Studio Version 17
VisualStudioVersion = 17.10.35027.167
MinimumVisualStudioVersion = 10.0.40219.1
Project("{FAE04EC0-301F-11D3-BF4B-00C04F79EFBC}") = "SisyphusChat.Web", "SisyphusChat.Web\SisyphusChat.Web.csproj", "{1C521368-F960-4A4E-97AD-4852E693E68B}"
EndProject
Project("{FAE04EC0-301F-11D3-BF4B-00C04F79EFBC}") = "SisyphusChat.Core", "SisyphusChat.Core\SisyphusChat.Core.csproj", "{74793DCE-BA16-4741-883A-0D521EAD8001}"
EndProject
Project("{FAE04EC0-301F-11D3-BF4B-00C04F79EFBC}") = "SisyphusChat.Infrastructure", "SisyphusChat.Infrastructure\SisyphusChat.Infrastructure.csproj", "{86CB545B-EB49-460B-A17E-7B3297DA7381}"
EndProject
Global
	GlobalSection(SolutionConfigurationPlatforms) = preSolution
		Debug|Any CPU = Debug|Any CPU
		Release|Any CPU = Release|Any CPU
	EndGlobalSection
	GlobalSection(ProjectConfigurationPlatforms) = postSolution
		{1C521368-F960-4A4E-97AD-4852E693E68B}.Debug|Any CPU.ActiveCfg = Debug|Any CPU
		{1C521368-F960-4A4E-97AD-4852E693E68B}.Debug|Any CPU.Build.0 = Debug|Any CPU
		{1C521368-F960-4A4E-97AD-4852E693E68B}.Release|Any CPU.ActiveCfg = Release|Any CPU
		{1C521368-F960-4A4E-97AD-4852E693E68B}.Release|Any CPU.Build.0 = Release|Any CPU
		{74793DCE-BA16-4741-883A-0D521EAD8001}.Debug|Any CPU.ActiveCfg = Debug|Any CPU
		{74793DCE-BA16-4741-883A-0D521EAD8001}.Debug|Any CPU.Build.0 = Debug|Any CPU
		{74793DCE-BA16-4741-883A-0D521EAD8001}.Release|Any CPU.ActiveCfg = Release|Any CPU
		{74793DCE-BA16-4741-883A-0D521EAD8001}.Release|Any CPU.Build.0 = Release|Any CPU
		{86CB545B-EB49-460B-A17E-7B3297DA7381}.Debug|Any CPU.ActiveCfg = Debug|Any CPU
		{86CB545B-EB49-460B-A17E-7B3297DA7381}.Debug|Any CPU.Build.0 = Debug|Any CPU
		{86CB545B-EB49-460B-A17E-7B3297DA7381}.Release|Any CPU.ActiveCfg = Release|Any CPU
		{86CB545B-EB49-460B-A17E-7B3297DA7381}.Release|Any CPU.Build.0 = Release|Any CPU
	EndGlobalSection
	GlobalSection(SolutionProperties) = preSolution
		HideSolutionNode = FALSE
	EndGlobalSection
	GlobalSection(ExtensibilityGlobals) = postSolution
		SolutionGuid = {01D6880E-0FE9-4412-B30B-2A365D65E4BD}
	EndGlobalSection
EndGlobal
